{
    "name": "perunApp",
    "version": "0.0.1",
    "lockfileVersion": 1,
    "requires": true,
    "dependencies": {
        "assertion-error": {
            "version": "1.1.0",
            "resolved": "https://registry.npmjs.org/assertion-error/-/assertion-error-1.1.0.tgz",
            "integrity": "sha512-jgsaNduz+ndvGyFt3uSuWqvy4lCnIJiovtouQN5JZHOKCS2QuhEdbcQHFhVksz2N2U9hXJo8odG7ETyWlEeuDw=="
        },
        "balanced-match": {
            "version": "1.0.0",
            "resolved": "https://registry.npmjs.org/balanced-match/-/balanced-match-1.0.0.tgz",
            "integrity": "sha1-ibTRmasr7kneFk6gK4nORi1xt2c="
        },
        "brace-expansion": {
            "version": "1.1.11",
            "resolved": "https://registry.npmjs.org/brace-expansion/-/brace-expansion-1.1.11.tgz",
            "integrity": "sha512-iCuPHDFgrHX7H2vEI/5xpz07zSHB00TpugqhmYtVmMO6518mCuRMoOYFldEBl0g187ufozdaHgWKcYFb61qGiA==",
            "requires": {
                "balanced-match": "^1.0.0",
                "concat-map": "0.0.1"
            }
        },
        "chai": {
            "version": "4.1.2",
            "resolved": "https://registry.npmjs.org/chai/-/chai-4.1.2.tgz",
            "integrity": "sha1-D2RYS6ZC8PKs4oBiefTwbKI61zw=",
            "requires": {
                "assertion-error": "^1.0.1",
                "check-error": "^1.0.1",
                "deep-eql": "^3.0.0",
                "get-func-name": "^2.0.0",
                "pathval": "^1.0.0",
                "type-detect": "^4.0.0"
            }
        },
        "check-error": {
            "version": "1.0.2",
            "resolved": "https://registry.npmjs.org/check-error/-/check-error-1.0.2.tgz",
            "integrity": "sha1-V00xLt2Iu13YkS6Sht1sCu1KrII="
        },
        "concat-map": {
            "version": "0.0.1",
            "resolved": "https://registry.npmjs.org/concat-map/-/concat-map-0.0.1.tgz",
            "integrity": "sha1-2Klr13/Wjfd5OnMDajug1UBdR3s="
        },
        "crc32": {
            "version": "0.2.2",
            "resolved": "https://registry.npmjs.org/crc32/-/crc32-0.2.2.tgz",
            "integrity": "sha1-etIg1v/c0Rn5/BJ6d3LKzqOQpLo="
        },
        "deep-eql": {
            "version": "3.0.1",
            "resolved": "https://registry.npmjs.org/deep-eql/-/deep-eql-3.0.1.tgz",
            "integrity": "sha512-+QeIQyN5ZuO+3Uk5DYh6/1eKO0m0YmJFGNmFHGACpf1ClL1nmlV/p4gNgbl2pJGxgXb4faqo6UE+M5ACEMyVcw==",
            "requires": {
                "type-detect": "^4.0.0"
            }
        },
        "fs-jetpack": {
            "version": "0.6.2",
            "resolved": "https://registry.npmjs.org/fs-jetpack/-/fs-jetpack-0.6.2.tgz",
            "integrity": "sha1-R2C5cs4k3NbthToZ+zODf+LMQ2Q=",
            "requires": {
                "minimatch": "2.0.1",
                "mkdirp": "0.5.0",
                "q": "1.0.1",
                "rimraf": "2.2.8"
            }
        },
        "fsbox": {
            "version": "10.0.24",
            "resolved": "https://registry.npmjs.org/fsbox/-/fsbox-10.0.24.tgz",
            "integrity": "sha512-0OKVUSmVNGYkeJFCzw6/JThhUxjUawRuvUUHjFH79ur8FDb1Gup7mtb3VE5hKci1VQw3GLC03z8Urr0g+PKqeA==",
            "requires": {
                "lodash": "^4.17.10",
                "redux": "^4.0.0",
                "redux-saga": "^0.16.0",
                "tandem-common": "^10.0.24"
            }
        },
        "get-func-name": {
            "version": "2.0.0",
            "resolved": "https://registry.npmjs.org/get-func-name/-/get-func-name-2.0.0.tgz",
            "integrity": "sha1-6td0q+5y4gQJQzoGY2YCPdaIekE="
        },
        "jquery": {
            "version": "3.3.1",
            "resolved": "https://registry.npmjs.org/jquery/-/jquery-3.3.1.tgz",
            "integrity": "sha512-Ubldcmxp5np52/ENotGxlLe6aGMvmF4R8S6tZjsP6Knsaxd/xp3Zrh50cG93lR6nPXyUFwzN3ZSOQI0wRJNdGg=="
        },
        "js-tokens": {
            "version": "4.0.0",
            "resolved": "https://registry.npmjs.org/js-tokens/-/js-tokens-4.0.0.tgz",
            "integrity": "sha512-RdJUflcE3cUzKiMqQgsCu06FPu9UdIJO0beYbPhHN4k6apgJtifcoCtT9bcxOpYBtpD2kCM6Sbzg4CausW/PKQ=="
        },
        "lodash": {
            "version": "4.17.10",
            "resolved": "https://registry.npmjs.org/lodash/-/lodash-4.17.10.tgz",
            "integrity": "sha512-UejweD1pDoXu+AD825lWwp4ZGtSwgnpZxb3JDViD7StjQz+Nb/6l093lx4OQ0foGWNRoc19mWy7BzL+UAK2iVg=="
        },
        "loose-envify": {
            "version": "1.4.0",
            "resolved": "https://registry.npmjs.org/loose-envify/-/loose-envify-1.4.0.tgz",
            "integrity": "sha512-lyuxPGr/Wfhrlem2CL/UcnUc1zcqKAImBDzukY7Y5F/yQiNdko6+fRLevlw1HgMySw7f611UIY408EtxRSoK3Q==",
            "requires": {
                "js-tokens": "^3.0.0 || ^4.0.0"
            }
        },
        "lru-cache": {
            "version": "4.1.3",
            "resolved": "https://registry.npmjs.org/lru-cache/-/lru-cache-4.1.3.tgz",
            "integrity": "sha512-fFEhvcgzuIoJVUF8fYr5KR0YqxD238zgObTps31YdADwPPAp82a4M8TrckkWyx7ekNlf9aBcVn81cFwwXngrJA==",
            "requires": {
                "pseudomap": "^1.0.2",
                "yallist": "^2.1.2"
            }
        },
        "minimatch": {
            "version": "2.0.1",
            "resolved": "https://registry.npmjs.org/minimatch/-/minimatch-2.0.1.tgz",
            "integrity": "sha1-bDdgtF9m7RzVgDFD7o03JIjwLDc=",
            "requires": {
                "brace-expansion": "^1.0.0"
            }
        },
        "minimist": {
            "version": "0.0.8",
            "resolved": "http://registry.npmjs.org/minimist/-/minimist-0.0.8.tgz",
            "integrity": "sha1-hX/Kv8M5fSYluCKCYuhqp6ARsF0="
        },
        "mkdirp": {
            "version": "0.5.0",
            "resolved": "http://registry.npmjs.org/mkdirp/-/mkdirp-0.5.0.tgz",
            "integrity": "sha1-HXMHam35hs2TROFecfzAWkyavxI=",
            "requires": {
                "minimist": "0.0.8"
            }
        },
        "paperclip": {
            "version": "10.0.24",
            "resolved": "https://registry.npmjs.org/paperclip/-/paperclip-10.0.24.tgz",
            "integrity": "sha512-oTD1+GR9DFLpHngvZwPcXnNxiqiZdZF7kUUUHaUiYRAUd+7L5tqj6hF4y653tKEcxzc1aPK8ngoAz1JldrQ+1Q==",
            "requires": {
                "chai": "^4.1.2",
                "crc32": "^0.2.2",
                "fsbox": "^10.0.24",
                "lodash": "^4.17.10",
                "paperclip-migrator": "^10.0.24",
                "redux": "^4.0.0",
                "redux-saga": "^0.16.0",
                "tandem-common": "^10.0.24"
            }
        },
        "paperclip-migrator": {
            "version": "10.0.24",
            "resolved": "https://registry.npmjs.org/paperclip-migrator/-/paperclip-migrator-10.0.24.tgz",
            "integrity": "sha512-bFsaJInkki5QF/dZHeJzi65sIrz7BcYzsMLisGx5Mm5HXN+7XH3fu4WzwN1gsJmcojNT9SAq5DUlv2NHSW5sOA==",
            "requires": {
                "lodash": "^4.17.10",
                "tandem-common": "^10.0.24"
            }
        },
        "pathval": {
            "version": "1.1.0",
            "resolved": "https://registry.npmjs.org/pathval/-/pathval-1.1.0.tgz",
            "integrity": "sha1-uULm1L3mUwBe9rcTYd74cn0GReA="
        },
        "pseudomap": {
            "version": "1.0.2",
            "resolved": "https://registry.npmjs.org/pseudomap/-/pseudomap-1.0.2.tgz",
            "integrity": "sha1-8FKijacOYYkX7wqKw0wa5aaChrM="
        },
        "q": {
            "version": "1.0.1",
            "resolved": "https://registry.npmjs.org/q/-/q-1.0.1.tgz",
            "integrity": "sha1-EYcq7t7okmgRCxCnGESP+xARKhQ="
        },
        "redux": {
            "version": "4.0.0",
            "resolved": "https://registry.npmjs.org/redux/-/redux-4.0.0.tgz",
            "integrity": "sha512-NnnHF0h0WVE/hXyrB6OlX67LYRuaf/rJcbWvnHHEPCF/Xa/AZpwhs/20WyqzQae5x4SD2F9nPObgBh2rxAgLiA==",
            "requires": {
                "loose-envify": "^1.1.0",
                "symbol-observable": "^1.2.0"
            }
        },
        "redux-saga": {
            "version": "0.16.0",
            "resolved": "https://registry.npmjs.org/redux-saga/-/redux-saga-0.16.0.tgz",
            "integrity": "sha1-CiMdsKFIkwHdmA9vL4jYztQY9yQ="
        },
        "rimraf": {
            "version": "2.2.8",
            "resolved": "http://registry.npmjs.org/rimraf/-/rimraf-2.2.8.tgz",
            "integrity": "sha1-5Dm+Kq7jJzIZUnMPmaiSnk/FBYI="
        },
        "sax": {
            "version": "1.2.4",
            "resolved": "https://registry.npmjs.org/sax/-/sax-1.2.4.tgz",
            "integrity": "sha512-NqVDv9TpANUjFm0N8uM5GxL36UgKi9/atZw+x7YFnQ8ckwFGKrl4xX4yWtrey3UJm5nP1kUbnYgLopqWNSRhWw=="
        },
        "symbol-observable": {
            "version": "1.2.0",
            "resolved": "https://registry.npmjs.org/symbol-observable/-/symbol-observable-1.2.0.tgz",
            "integrity": "sha512-e900nM8RRtGhlV36KGEU9k65K3mPb1WV70OdjfxlG2EAuM1noi/E/BaW/uMhL7bPEssK8QV57vN3esixjUvcXQ=="
        },
        "tandem-common": {
            "version": "10.0.24",
            "resolved": "https://registry.npmjs.org/tandem-common/-/tandem-common-10.0.24.tgz",
            "integrity": "sha512-EWH5a2GBcqm37MFx/Y04bnqaDUnvZeF/3PQ5upoq8fblm1M3C68pbbPKduqA6QIKvEcjDw65qJU3v4J0Dwi+Ww==",
            "requires": {
                "crc32": "^0.2.2",
                "lodash": "^4.17.10",
                "lru-cache": "^4.1.3",
                "xml-js": "^1.6.4"
            }
        },
        "type-detect": {
            "version": "4.0.8",
            "resolved": "https://registry.npmjs.org/type-detect/-/type-detect-4.0.8.tgz",
            "integrity": "sha512-0fr/mIH1dlO+x7TlcMy+bIDqKPsw/70tVyeHW787goQjhmqaZe10uwLujubK9q9Lg6Fiho1KUKDYz0Z7k7g5/g=="
        },
        "underscore": {
            "version": "1.9.1",
            "resolved": "https://registry.npmjs.org/underscore/-/underscore-1.9.1.tgz",
            "integrity": "sha512-5/4etnCkd9c8gwgowi5/om/mYO5ajCaOgdzj/oW+0eQV9WxKBDZw5+ycmKmeaTXjInS/W0BzpGLo2xR2aBwZdg=="
        },
        "xml-js": {
            "version": "1.6.7",
            "resolved": "https://registry.npmjs.org/xml-js/-/xml-js-1.6.7.tgz",
            "integrity": "sha512-1hn0xwwfMcWywnJxqiOXiv+pZaOJyf/YWcUeqJICF0BFb+IOkRFSkKyeA0V62WqTHXNdBxNuCFHhS/w2DtYpoA==",
            "requires": {
                "sax": "^1.2.4"
            }
        },
        "yallist": {
            "version": "2.1.2",
            "resolved": "https://registry.npmjs.org/yallist/-/yallist-2.1.2.tgz",
            "integrity": "sha1-HBH5IY8HYImkfdUS+TxmmaaoHVI="
        }
    }
}
